
Microsoft Visual Studio Solution File, Format Version 12.00
# Visual Studio Version 17
VisualStudioVersion = 17.5.002.0
MinimumVisualStudioVersion = 10.0.40219.1
Project("{9A19103F-16F7-4668-BE54-9A1E7A4F7556}") = "MyEmbeddedLoadingProject", "MyEmbeddedLoadingProject.csproj", "{7578F0B3-2152-4767-A322-372502C6763D}"
EndProject
Global
	GlobalSection(SolutionConfigurationPlatforms) = preSolution
		Debug|Any CPU = Debug|Any CPU
		Release|Any CPU = Release|Any CPU
	EndGlobalSection
	GlobalSection(ProjectConfigurationPlatforms) = postSolution
		{7578F0B3-2152-4767-A322-372502C6763D}.Debug|Any CPU.ActiveCfg = Debug|Any CPU
		{7578F0B3-2152-4767-A322-372502C6763D}.Debug|Any CPU.Build.0 = Debug|Any CPU
		{7578F0B3-2152-4767-A322-372502C6763D}.Release|Any CPU.ActiveCfg = Release|Any CPU
		{7578F0B3-2152-4767-A322-372502C6763D}.Release|Any CPU.Build.0 = Release|Any CPU
	EndGlobalSection
	GlobalSection(SolutionProperties) = preSolution
		HideSolutionNode = FALSE
	EndGlobalSection
	GlobalSection(ExtensibilityGlobals) = postSolution
		SolutionGuid = {FBC1AB37-F6ED-4F78-B0DA-5E5FE8BEAB3B}
	EndGlobalSection
EndGlobal
