
Microsoft Visual Studio Solution File, Format Version 12.00
# Visual Studio Version 17
VisualStudioVersion = 17.8.34322.80
MinimumVisualStudioVersion = 10.0.40219.1
Project("{9A19103F-16F7-4668-BE54-9A1E7A4F7556}") = "DurableFunctionApp1", "DurableFunctionApp1\DurableFunctionApp1.csproj", "{7FA8B553-C695-42A3-BE8A-0849EB12CE27}"
EndProject
Project("{9A19103F-16F7-4668-BE54-9A1E7A4F7556}") = "DurableLib", "DurableLib\DurableLib.csproj", "{D0D2369A-F949-41A1-A4F8-653CF3CD2C26}"
EndProject
Project("{9A19103F-16F7-4668-BE54-9A1E7A4F7556}") = "DurableFunctionApp1.Business", "DurableFunctionApp1.Business\DurableFunctionApp1.Business.csproj", "{6BF034AE-2A36-4FD3-9D6D-5177B5BBF976}"
EndProject
Project("{9A19103F-16F7-4668-BE54-9A1E7A4F7556}") = "FctCodeGen", "FctCodeGen\FctCodeGen.csproj", "{01A63688-4E67-4F7B-82FB-C8FB6CD34234}"
EndProject
Project("{9A19103F-16F7-4668-BE54-9A1E7A4F7556}") = "DurableLib.Abstractions", "DurableLib.Abstractions\DurableLib.Abstractions.csproj", "{2FCE7B88-234B-4C0F-9F79-7FB0658E2FA3}"
EndProject
Project("{9A19103F-16F7-4668-BE54-9A1E7A4F7556}") = "DurableFunctionInProcApp", "DurableFunctionInProcApp\DurableFunctionInProcApp.csproj", "{027581C4-1856-401B-A614-F6AAC8AF94FD}"
EndProject
Project("{9A19103F-16F7-4668-BE54-9A1E7A4F7556}") = "DurableLib.InProc", "DurableLib.InProc\DurableLib.InProc.csproj", "{67F87322-EB7D-4AF5-A3F3-9B1208CD0832}"
EndProject
Project("{9A19103F-16F7-4668-BE54-9A1E7A4F7556}") = "DurableLib.Isolated", "DurableLib.Isolated\DurableLib.Isolated.csproj", "{510A09E2-310A-47FB-86D0-A0A5401A4539}"
EndProject
Project("{9A19103F-16F7-4668-BE54-9A1E7A4F7556}") = "DurableConsole", "DurableConsole\DurableConsole.csproj", "{DAC629E5-2436-4B6E-8365-D74C6C3E0E92}"
EndProject
Project("{FAE04EC0-301F-11D3-BF4B-00C04F79EFBC}") = "DurableLib.Simple", "DurableLib.Simple\DurableLib.Simple.csproj", "{B88A89DC-B6A9-4CE4-84F9-6CA8179822EC}"
EndProject
Global
	GlobalSection(SolutionConfigurationPlatforms) = preSolution
		Debug|Any CPU = Debug|Any CPU
		Release|Any CPU = Release|Any CPU
	EndGlobalSection
	GlobalSection(ProjectConfigurationPlatforms) = postSolution
		{7FA8B553-C695-42A3-BE8A-0849EB12CE27}.Debug|Any CPU.ActiveCfg = Debug|Any CPU
		{7FA8B553-C695-42A3-BE8A-0849EB12CE27}.Debug|Any CPU.Build.0 = Debug|Any CPU
		{7FA8B553-C695-42A3-BE8A-0849EB12CE27}.Release|Any CPU.ActiveCfg = Release|Any CPU
		{7FA8B553-C695-42A3-BE8A-0849EB12CE27}.Release|Any CPU.Build.0 = Release|Any CPU
		{D0D2369A-F949-41A1-A4F8-653CF3CD2C26}.Debug|Any CPU.ActiveCfg = Debug|Any CPU
		{D0D2369A-F949-41A1-A4F8-653CF3CD2C26}.Debug|Any CPU.Build.0 = Debug|Any CPU
		{D0D2369A-F949-41A1-A4F8-653CF3CD2C26}.Release|Any CPU.ActiveCfg = Release|Any CPU
		{D0D2369A-F949-41A1-A4F8-653CF3CD2C26}.Release|Any CPU.Build.0 = Release|Any CPU
		{6BF034AE-2A36-4FD3-9D6D-5177B5BBF976}.Debug|Any CPU.ActiveCfg = Debug|Any CPU
		{6BF034AE-2A36-4FD3-9D6D-5177B5BBF976}.Debug|Any CPU.Build.0 = Debug|Any CPU
		{6BF034AE-2A36-4FD3-9D6D-5177B5BBF976}.Release|Any CPU.ActiveCfg = Release|Any CPU
		{6BF034AE-2A36-4FD3-9D6D-5177B5BBF976}.Release|Any CPU.Build.0 = Release|Any CPU
		{01A63688-4E67-4F7B-82FB-C8FB6CD34234}.Debug|Any CPU.ActiveCfg = Debug|Any CPU
		{01A63688-4E67-4F7B-82FB-C8FB6CD34234}.Debug|Any CPU.Build.0 = Debug|Any CPU
		{01A63688-4E67-4F7B-82FB-C8FB6CD34234}.Release|Any CPU.ActiveCfg = Release|Any CPU
		{01A63688-4E67-4F7B-82FB-C8FB6CD34234}.Release|Any CPU.Build.0 = Release|Any CPU
		{2FCE7B88-234B-4C0F-9F79-7FB0658E2FA3}.Debug|Any CPU.ActiveCfg = Debug|Any CPU
		{2FCE7B88-234B-4C0F-9F79-7FB0658E2FA3}.Debug|Any CPU.Build.0 = Debug|Any CPU
		{2FCE7B88-234B-4C0F-9F79-7FB0658E2FA3}.Release|Any CPU.ActiveCfg = Release|Any CPU
		{2FCE7B88-234B-4C0F-9F79-7FB0658E2FA3}.Release|Any CPU.Build.0 = Release|Any CPU
		{027581C4-1856-401B-A614-F6AAC8AF94FD}.Debug|Any CPU.ActiveCfg = Debug|Any CPU
		{027581C4-1856-401B-A614-F6AAC8AF94FD}.Debug|Any CPU.Build.0 = Debug|Any CPU
		{027581C4-1856-401B-A614-F6AAC8AF94FD}.Release|Any CPU.ActiveCfg = Release|Any CPU
		{027581C4-1856-401B-A614-F6AAC8AF94FD}.Release|Any CPU.Build.0 = Release|Any CPU
		{67F87322-EB7D-4AF5-A3F3-9B1208CD0832}.Debug|Any CPU.ActiveCfg = Debug|Any CPU
		{67F87322-EB7D-4AF5-A3F3-9B1208CD0832}.Debug|Any CPU.Build.0 = Debug|Any CPU
		{67F87322-EB7D-4AF5-A3F3-9B1208CD0832}.Release|Any CPU.ActiveCfg = Release|Any CPU
		{67F87322-EB7D-4AF5-A3F3-9B1208CD0832}.Release|Any CPU.Build.0 = Release|Any CPU
		{510A09E2-310A-47FB-86D0-A0A5401A4539}.Debug|Any CPU.ActiveCfg = Debug|Any CPU
		{510A09E2-310A-47FB-86D0-A0A5401A4539}.Debug|Any CPU.Build.0 = Debug|Any CPU
		{510A09E2-310A-47FB-86D0-A0A5401A4539}.Release|Any CPU.ActiveCfg = Release|Any CPU
		{510A09E2-310A-47FB-86D0-A0A5401A4539}.Release|Any CPU.Build.0 = Release|Any CPU
		{DAC629E5-2436-4B6E-8365-D74C6C3E0E92}.Debug|Any CPU.ActiveCfg = Debug|Any CPU
		{DAC629E5-2436-4B6E-8365-D74C6C3E0E92}.Debug|Any CPU.Build.0 = Debug|Any CPU
		{DAC629E5-2436-4B6E-8365-D74C6C3E0E92}.Release|Any CPU.ActiveCfg = Release|Any CPU
		{DAC629E5-2436-4B6E-8365-D74C6C3E0E92}.Release|Any CPU.Build.0 = Release|Any CPU
		{B88A89DC-B6A9-4CE4-84F9-6CA8179822EC}.Debug|Any CPU.ActiveCfg = Debug|Any CPU
		{B88A89DC-B6A9-4CE4-84F9-6CA8179822EC}.Debug|Any CPU.Build.0 = Debug|Any CPU
		{B88A89DC-B6A9-4CE4-84F9-6CA8179822EC}.Release|Any CPU.ActiveCfg = Release|Any CPU
		{B88A89DC-B6A9-4CE4-84F9-6CA8179822EC}.Release|Any CPU.Build.0 = Release|Any CPU
	EndGlobalSection
	GlobalSection(SolutionProperties) = preSolution
		HideSolutionNode = FALSE
	EndGlobalSection
	GlobalSection(ExtensibilityGlobals) = postSolution
		SolutionGuid = {2FDFD8E0-3289-47C5-804F-DBD1622DED79}
	EndGlobalSection
EndGlobal
