Microsoft Visual Studio Solution File, Format Version 12.00
# Visual Studio Version 16
VisualStudioVersion = 16.0.0.0
MinimumVisualStudioVersion = 16.0.0.0
Project("{9A19103F-16F7-4668-BE54-9A1E7A4F7556}") = "MyBlazorApp.Server", "Server\MyBlazorApp.Server.csproj", "{9713A3E2-8159-4211-8471-9DF8DF3EE85C}"
EndProject
Project("{9A19103F-16F7-4668-BE54-9A1E7A4F7556}") = "MyBlazorApp.Client", "Client\MyBlazorApp.Client.csproj", "{5AB242BE-3658-4BB4-BFFC-319376B40C8D}"
EndProject
Project("{9A19103F-16F7-4668-BE54-9A1E7A4F7556}") = "MyBlazorApp.Shared", "Shared\MyBlazorApp.Shared.csproj", "{37406708-A90A-4B5A-A998-08947A7E9F10}"
EndProject
Project("{FAE04EC0-301F-11D3-BF4B-00C04F79EFBC}") = "MyAppTests", "MyAppTests\MyAppTests.csproj", "{E1A04B05-9CAE-44AC-B41B-874BD99E8B4F}"
EndProject
Global
	GlobalSection(SolutionConfigurationPlatforms) = preSolution
		Debug|Any CPU = Debug|Any CPU
		Debug|x64 = Debug|x64
		Debug|x86 = Debug|x86
		Release|Any CPU = Release|Any CPU
		Release|x64 = Release|x64
		Release|x86 = Release|x86
	EndGlobalSection
	GlobalSection(ProjectConfigurationPlatforms) = postSolution
		{5AB242BE-3658-4BB4-BFFC-319376B40C8D}.Debug|Any CPU.ActiveCfg = Debug|Any CPU
		{5AB242BE-3658-4BB4-BFFC-319376B40C8D}.Debug|Any CPU.Build.0 = Debug|Any CPU
		{5AB242BE-3658-4BB4-BFFC-319376B40C8D}.Debug|x64.ActiveCfg = Debug|Any CPU
		{5AB242BE-3658-4BB4-BFFC-319376B40C8D}.Debug|x64.Build.0 = Debug|Any CPU
		{5AB242BE-3658-4BB4-BFFC-319376B40C8D}.Debug|x86.ActiveCfg = Debug|Any CPU
		{5AB242BE-3658-4BB4-BFFC-319376B40C8D}.Debug|x86.Build.0 = Debug|Any CPU
		{5AB242BE-3658-4BB4-BFFC-319376B40C8D}.Release|Any CPU.ActiveCfg = Release|Any CPU
		{5AB242BE-3658-4BB4-BFFC-319376B40C8D}.Release|Any CPU.Build.0 = Release|Any CPU
		{5AB242BE-3658-4BB4-BFFC-319376B40C8D}.Release|x64.ActiveCfg = Release|Any CPU
		{5AB242BE-3658-4BB4-BFFC-319376B40C8D}.Release|x64.Build.0 = Release|Any CPU
		{5AB242BE-3658-4BB4-BFFC-319376B40C8D}.Release|x86.ActiveCfg = Release|Any CPU
		{5AB242BE-3658-4BB4-BFFC-319376B40C8D}.Release|x86.Build.0 = Release|Any CPU
		{9713A3E2-8159-4211-8471-9DF8DF3EE85C}.Debug|Any CPU.ActiveCfg = Debug|Any CPU
		{9713A3E2-8159-4211-8471-9DF8DF3EE85C}.Debug|Any CPU.Build.0 = Debug|Any CPU
		{9713A3E2-8159-4211-8471-9DF8DF3EE85C}.Debug|x64.ActiveCfg = Debug|Any CPU
		{9713A3E2-8159-4211-8471-9DF8DF3EE85C}.Debug|x64.Build.0 = Debug|Any CPU
		{9713A3E2-8159-4211-8471-9DF8DF3EE85C}.Debug|x86.ActiveCfg = Debug|Any CPU
		{9713A3E2-8159-4211-8471-9DF8DF3EE85C}.Debug|x86.Build.0 = Debug|Any CPU
		{9713A3E2-8159-4211-8471-9DF8DF3EE85C}.Release|Any CPU.ActiveCfg = Release|Any CPU
		{9713A3E2-8159-4211-8471-9DF8DF3EE85C}.Release|Any CPU.Build.0 = Release|Any CPU
		{9713A3E2-8159-4211-8471-9DF8DF3EE85C}.Release|x64.ActiveCfg = Release|Any CPU
		{9713A3E2-8159-4211-8471-9DF8DF3EE85C}.Release|x64.Build.0 = Release|Any CPU
		{9713A3E2-8159-4211-8471-9DF8DF3EE85C}.Release|x86.ActiveCfg = Release|Any CPU
		{9713A3E2-8159-4211-8471-9DF8DF3EE85C}.Release|x86.Build.0 = Release|Any CPU
		{37406708-A90A-4B5A-A998-08947A7E9F10}.Debug|Any CPU.ActiveCfg = Debug|Any CPU
		{37406708-A90A-4B5A-A998-08947A7E9F10}.Debug|Any CPU.Build.0 = Debug|Any CPU
		{37406708-A90A-4B5A-A998-08947A7E9F10}.Debug|x64.ActiveCfg = Debug|Any CPU
		{37406708-A90A-4B5A-A998-08947A7E9F10}.Debug|x64.Build.0 = Debug|Any CPU
		{37406708-A90A-4B5A-A998-08947A7E9F10}.Debug|x86.ActiveCfg = Debug|Any CPU
		{37406708-A90A-4B5A-A998-08947A7E9F10}.Debug|x86.Build.0 = Debug|Any CPU
		{37406708-A90A-4B5A-A998-08947A7E9F10}.Release|Any CPU.ActiveCfg = Release|Any CPU
		{37406708-A90A-4B5A-A998-08947A7E9F10}.Release|Any CPU.Build.0 = Release|Any CPU
		{37406708-A90A-4B5A-A998-08947A7E9F10}.Release|x64.ActiveCfg = Release|Any CPU
		{37406708-A90A-4B5A-A998-08947A7E9F10}.Release|x64.Build.0 = Release|Any CPU
		{37406708-A90A-4B5A-A998-08947A7E9F10}.Release|x86.ActiveCfg = Release|Any CPU
		{37406708-A90A-4B5A-A998-08947A7E9F10}.Release|x86.Build.0 = Release|Any CPU
		{E1A04B05-9CAE-44AC-B41B-874BD99E8B4F}.Debug|Any CPU.ActiveCfg = Debug|Any CPU
		{E1A04B05-9CAE-44AC-B41B-874BD99E8B4F}.Debug|Any CPU.Build.0 = Debug|Any CPU
		{E1A04B05-9CAE-44AC-B41B-874BD99E8B4F}.Debug|x64.ActiveCfg = Debug|Any CPU
		{E1A04B05-9CAE-44AC-B41B-874BD99E8B4F}.Debug|x64.Build.0 = Debug|Any CPU
		{E1A04B05-9CAE-44AC-B41B-874BD99E8B4F}.Debug|x86.ActiveCfg = Debug|Any CPU
		{E1A04B05-9CAE-44AC-B41B-874BD99E8B4F}.Debug|x86.Build.0 = Debug|Any CPU
		{E1A04B05-9CAE-44AC-B41B-874BD99E8B4F}.Release|Any CPU.ActiveCfg = Release|Any CPU
		{E1A04B05-9CAE-44AC-B41B-874BD99E8B4F}.Release|Any CPU.Build.0 = Release|Any CPU
		{E1A04B05-9CAE-44AC-B41B-874BD99E8B4F}.Release|x64.ActiveCfg = Release|Any CPU
		{E1A04B05-9CAE-44AC-B41B-874BD99E8B4F}.Release|x64.Build.0 = Release|Any CPU
		{E1A04B05-9CAE-44AC-B41B-874BD99E8B4F}.Release|x86.ActiveCfg = Release|Any CPU
		{E1A04B05-9CAE-44AC-B41B-874BD99E8B4F}.Release|x86.Build.0 = Release|Any CPU
	EndGlobalSection
	GlobalSection(SolutionProperties) = preSolution
		HideSolutionNode = FALSE
	EndGlobalSection
	GlobalSection(ExtensibilityGlobals) = postSolution
		SolutionGuid = {ECD7A8C3-3D6B-4AC0-B4AA-E96765D506BA}
	EndGlobalSection
EndGlobal
